
Microsoft Visual Studio Solution File, Format Version 12.00
# Visual Studio Version 17
VisualStudioVersion = 17.1.32319.34
MinimumVisualStudioVersion = 10.0.40219.1
Project("{FAE04EC0-301F-11D3-BF4B-00C04F79EFBC}") = "tp-Juego", "tp-Juego.csproj", "{361DDCF6-6665-4E7A-BD3B-6C1D5BEEFE37}"
EndProject
Global
	GlobalSection(SolutionConfigurationPlatforms) = preSolution
		Debug|Any CPU = Debug|Any CPU
		Release|Any CPU = Release|Any CPU
	EndGlobalSection
	GlobalSection(ProjectConfigurationPlatforms) = postSolution
		{361DDCF6-6665-4E7A-BD3B-6C1D5BEEFE37}.Debug|Any CPU.ActiveCfg = Debug|Any CPU
		{361DDCF6-6665-4E7A-BD3B-6C1D5BEEFE37}.Debug|Any CPU.Build.0 = Debug|Any CPU
		{361DDCF6-6665-4E7A-BD3B-6C1D5BEEFE37}.Release|Any CPU.ActiveCfg = Release|Any CPU
		{361DDCF6-6665-4E7A-BD3B-6C1D5BEEFE37}.Release|Any CPU.Build.0 = Release|Any CPU
	EndGlobalSection
	GlobalSection(SolutionProperties) = preSolution
		HideSolutionNode = FALSE
	EndGlobalSection
	GlobalSection(ExtensibilityGlobals) = postSolution
		SolutionGuid = {794A3217-2824-4DE3-93DF-A9BF7E28D248}
	EndGlobalSection
EndGlobal
